
Microsoft Visual Studio Solution File, Format Version 12.00
# Visual Studio 15
VisualStudioVersion = 15.0.27703.2042
MinimumVisualStudioVersion = 10.0.40219.1
Project("{FAE04EC0-301F-11D3-BF4B-00C04F79EFBC}") = "EU VAT Rates", "EU VAT Rates\EU VAT Rates.csproj", "{AC069CF0-7323-4624-B498-88A52FAF9585}"
EndProject
Global
	GlobalSection(SolutionConfigurationPlatforms) = preSolution
		Debug|Any CPU = Debug|Any CPU
		Release|Any CPU = Release|Any CPU
	EndGlobalSection
	GlobalSection(ProjectConfigurationPlatforms) = postSolution
		{AC069CF0-7323-4624-B498-88A52FAF9585}.Debug|Any CPU.ActiveCfg = Debug|Any CPU
		{AC069CF0-7323-4624-B498-88A52FAF9585}.Debug|Any CPU.Build.0 = Debug|Any CPU
		{AC069CF0-7323-4624-B498-88A52FAF9585}.Release|Any CPU.ActiveCfg = Release|Any CPU
		{AC069CF0-7323-4624-B498-88A52FAF9585}.Release|Any CPU.Build.0 = Release|Any CPU
	EndGlobalSection
	GlobalSection(SolutionProperties) = preSolution
		HideSolutionNode = FALSE
	EndGlobalSection
	GlobalSection(ExtensibilityGlobals) = postSolution
		SolutionGuid = {4A3881B8-EE60-4E48-87BB-719E56062A66}
	EndGlobalSection
EndGlobal
